
Microsoft Visual Studio Solution File, Format Version 12.00
# Visual Studio Version 17
VisualStudioVersion = 17.0.31903.59
MinimumVisualStudioVersion = 10.0.40219.1
Project("{FAE04EC0-301F-11D3-BF4B-00C04F79EFBC}") = "BuberBreakfast.Contracts", "BuberBreakfast.Contracts\BuberBreakfast.Contracts.csproj", "{2A98A7A9-95E8-4F03-9E33-141E2E5D2A79}"
EndProject
Project("{FAE04EC0-301F-11D3-BF4B-00C04F79EFBC}") = "Buberbreakfast", "Buberbreakfast\Buberbreakfast.csproj", "{38D884EB-9E60-4E53-9DDA-387185AA2C98}"
EndProject
Global
	GlobalSection(SolutionConfigurationPlatforms) = preSolution
		Debug|Any CPU = Debug|Any CPU
		Release|Any CPU = Release|Any CPU
	EndGlobalSection
	GlobalSection(SolutionProperties) = preSolution
		HideSolutionNode = FALSE
	EndGlobalSection
	GlobalSection(ProjectConfigurationPlatforms) = postSolution
		{2A98A7A9-95E8-4F03-9E33-141E2E5D2A79}.Debug|Any CPU.ActiveCfg = Debug|Any CPU
		{2A98A7A9-95E8-4F03-9E33-141E2E5D2A79}.Debug|Any CPU.Build.0 = Debug|Any CPU
		{2A98A7A9-95E8-4F03-9E33-141E2E5D2A79}.Release|Any CPU.ActiveCfg = Release|Any CPU
		{2A98A7A9-95E8-4F03-9E33-141E2E5D2A79}.Release|Any CPU.Build.0 = Release|Any CPU
		{38D884EB-9E60-4E53-9DDA-387185AA2C98}.Debug|Any CPU.ActiveCfg = Debug|Any CPU
		{38D884EB-9E60-4E53-9DDA-387185AA2C98}.Debug|Any CPU.Build.0 = Debug|Any CPU
		{38D884EB-9E60-4E53-9DDA-387185AA2C98}.Release|Any CPU.ActiveCfg = Release|Any CPU
		{38D884EB-9E60-4E53-9DDA-387185AA2C98}.Release|Any CPU.Build.0 = Release|Any CPU
	EndGlobalSection
EndGlobal
